// !$*UTF8*$!
{
	archiveVersion = 1;
	classes = {
	};
	objectVersion = 56;
	objects = {

/* Begin PBXBuildFile section */
		F6093B122C8013F900992D0A /* Misc+.swift in Sources */ = {isa = PBXBuildFile; fileRef = F6093B112C8013F900992D0A /* Misc+.swift */; };
		F627603428FD561E004E391C /* iOSCodeRepoApp.swift in Sources */ = {isa = PBXBuildFile; fileRef = F627603328FD561E004E391C /* iOSCodeRepoApp.swift */; };
		F627603628FD561E004E391C /* ContentView.swift in Sources */ = {isa = PBXBuildFile; fileRef = F627603528FD561E004E391C /* ContentView.swift */; };
		F627603828FD561E004E391C /* Assets.xcassets in Resources */ = {isa = PBXBuildFile; fileRef = F627603728FD561E004E391C /* Assets.xcassets */; };
		F627603B28FD561E004E391C /* Preview Assets.xcassets in Resources */ = {isa = PBXBuildFile; fileRef = F627603A28FD561E004E391C /* Preview Assets.xcassets */; };
		F627604328FD563F004E391C /* Color+.swift in Sources */ = {isa = PBXBuildFile; fileRef = F627604228FD563F004E391C /* Color+.swift */; };
		F6B16ED42B0B99DF009008F5 /* UIView+.swift in Sources */ = {isa = PBXBuildFile; fileRef = F6B16ED32B0B99DF009008F5 /* UIView+.swift */; };
		F6DBDF742B9C563900A5BACA /* Functions.swift in Sources */ = {isa = PBXBuildFile; fileRef = F6DBDF732B9C563900A5BACA /* Functions.swift */; };
		F6DBDF762B9C58FC00A5BACA /* RegexHelper.swift in Sources */ = {isa = PBXBuildFile; fileRef = F6DBDF752B9C58FC00A5BACA /* RegexHelper.swift */; };
		F6EAD223295AE35600D3C843 /* UIViewController+.swift in Sources */ = {isa = PBXBuildFile; fileRef = F6EAD222295AE35600D3C843 /* UIViewController+.swift */; };
/* End PBXBuildFile section */

/* Begin PBXFileReference section */
		F6093B112C8013F900992D0A /* Misc+.swift */ = {isa = PBXFileReference; lastKnownFileType = sourcecode.swift; path = "Misc+.swift"; sourceTree = "<group>"; };
		F627603028FD561E004E391C /* iOSCodeRepo.app */ = {isa = PBXFileReference; explicitFileType = wrapper.application; includeInIndex = 0; path = iOSCodeRepo.app; sourceTree = BUILT_PRODUCTS_DIR; };
		F627603328FD561E004E391C /* iOSCodeRepoApp.swift */ = {isa = PBXFileReference; lastKnownFileType = sourcecode.swift; path = iOSCodeRepoApp.swift; sourceTree = "<group>"; };
		F627603528FD561E004E391C /* ContentView.swift */ = {isa = PBXFileReference; lastKnownFileType = sourcecode.swift; path = ContentView.swift; sourceTree = "<group>"; };
		F627603728FD561E004E391C /* Assets.xcassets */ = {isa = PBXFileReference; lastKnownFileType = folder.assetcatalog; path = Assets.xcassets; sourceTree = "<group>"; };
		F627603A28FD561E004E391C /* Preview Assets.xcassets */ = {isa = PBXFileReference; lastKnownFileType = folder.assetcatalog; path = "Preview Assets.xcassets"; sourceTree = "<group>"; };
		F627604228FD563F004E391C /* Color+.swift */ = {isa = PBXFileReference; lastKnownFileType = sourcecode.swift; path = "Color+.swift"; sourceTree = "<group>"; };
		F6B16ED32B0B99DF009008F5 /* UIView+.swift */ = {isa = PBXFileReference; lastKnownFileType = sourcecode.swift; path = "UIView+.swift"; sourceTree = "<group>"; };
		F6CEDD4C2C676127003ED3AC /* misc+.h */ = {isa = PBXFileReference; lastKnownFileType = sourcecode.c.h; path = "misc+.h"; sourceTree = "<group>"; };
		F6DBDF732B9C563900A5BACA /* Functions.swift */ = {isa = PBXFileReference; fileEncoding = 4; lastKnownFileType = sourcecode.swift; path = Functions.swift; sourceTree = "<group>"; };
		F6DBDF752B9C58FC00A5BACA /* RegexHelper.swift */ = {isa = PBXFileReference; fileEncoding = 4; lastKnownFileType = sourcecode.swift; path = RegexHelper.swift; sourceTree = "<group>"; };
		F6EAD222295AE35600D3C843 /* UIViewController+.swift */ = {isa = PBXFileReference; lastKnownFileType = sourcecode.swift; path = "UIViewController+.swift"; sourceTree = "<group>"; };
/* End PBXFileReference section */

/* Begin PBXFrameworksBuildPhase section */
		F627602D28FD561E004E391C /* Frameworks */ = {
			isa = PBXFrameworksBuildPhase;
			buildActionMask = 2147483647;
			files = (
			);
			runOnlyForDeploymentPostprocessing = 0;
		};
/* End PBXFrameworksBuildPhase section */

/* Begin PBXGroup section */
		F627602728FD561E004E391C = {
			isa = PBXGroup;
			children = (
				F627603228FD561E004E391C /* iOSCodeRepo */,
				F627603128FD561E004E391C /* Products */,
			);
			sourceTree = "<group>";
		};
		F627603128FD561E004E391C /* Products */ = {
			isa = PBXGroup;
			children = (
				F627603028FD561E004E391C /* iOSCodeRepo.app */,
			);
			name = Products;
			sourceTree = "<group>";
		};
		F627603228FD561E004E391C /* iOSCodeRepo */ = {
			isa = PBXGroup;
			children = (
				F627603328FD561E004E391C /* iOSCodeRepoApp.swift */,
				F627603528FD561E004E391C /* ContentView.swift */,
				F6DBDF752B9C58FC00A5BACA /* RegexHelper.swift */,
				F6DBDF732B9C563900A5BACA /* Functions.swift */,
				F627604128FD562F004E391C /* Extension */,
				F627603728FD561E004E391C /* Assets.xcassets */,
				F627603928FD561E004E391C /* Preview Content */,
			);
			path = iOSCodeRepo;
			sourceTree = "<group>";
		};
		F627603928FD561E004E391C /* Preview Content */ = {
			isa = PBXGroup;
			children = (
				F627603A28FD561E004E391C /* Preview Assets.xcassets */,
			);
			path = "Preview Content";
			sourceTree = "<group>";
		};
		F627604128FD562F004E391C /* Extension */ = {
			isa = PBXGroup;
			children = (
				F627604228FD563F004E391C /* Color+.swift */,
				F6EAD222295AE35600D3C843 /* UIViewController+.swift */,
				F6B16ED32B0B99DF009008F5 /* UIView+.swift */,
				F6093B112C8013F900992D0A /* Misc+.swift */,
				F6CEDD4C2C676127003ED3AC /* misc+.h */,
			);
			path = Extension;
			sourceTree = "<group>";
		};
/* End PBXGroup section */

/* Begin PBXNativeTarget section */
		F627602F28FD561E004E391C /* iOSCodeRepo */ = {
			isa = PBXNativeTarget;
			buildConfigurationList = F627603E28FD561E004E391C /* Build configuration list for PBXNativeTarget "iOSCodeRepo" */;
			buildPhases = (
				F627602C28FD561E004E391C /* Sources */,
				F627602D28FD561E004E391C /* Frameworks */,
				F627602E28FD561E004E391C /* Resources */,
			);
			buildRules = (
			);
			dependencies = (
			);
			name = iOSCodeRepo;
			productName = iOSCodeRepo;
			productReference = F627603028FD561E004E391C /* iOSCodeRepo.app */;
			productType = "com.apple.product-type.application";
		};
/* End PBXNativeTarget section */

/* Begin PBXProject section */
		F627602828FD561E004E391C /* Project object */ = {
			isa = PBXProject;
			attributes = {
				BuildIndependentTargetsInParallel = 1;
				LastSwiftUpdateCheck = 1400;
				LastUpgradeCheck = 1530;
				TargetAttributes = {
					F627602F28FD561E004E391C = {
						CreatedOnToolsVersion = 14.0.1;
					};
				};
			};
			buildConfigurationList = F627602B28FD561E004E391C /* Build configuration list for PBXProject "iOSCodeRepo" */;
			compatibilityVersion = "Xcode 14.0";
			developmentRegion = en;
			hasScannedForEncodings = 0;
			knownRegions = (
				en,
				Base,
			);
			mainGroup = F627602728FD561E004E391C;
			productRefGroup = F627603128FD561E004E391C /* Products */;
			projectDirPath = "";
			projectRoot = "";
			targets = (
				F627602F28FD561E004E391C /* iOSCodeRepo */,
			);
		};
/* End PBXProject section */

/* Begin PBXResourcesBuildPhase section */
		F627602E28FD561E004E391C /* Resources */ = {
			isa = PBXResourcesBuildPhase;
			buildActionMask = 2147483647;
			files = (
				F627603B28FD561E004E391C /* Preview Assets.xcassets in Resources */,
				F627603828FD561E004E391C /* Assets.xcassets in Resources */,
			);
			runOnlyForDeploymentPostprocessing = 0;
		};
/* End PBXResourcesBuildPhase section */

/* Begin PBXSourcesBuildPhase section */
		F627602C28FD561E004E391C /* Sources */ = {
			isa = PBXSourcesBuildPhase;
			buildActionMask = 2147483647;
			files = (
				F627603628FD561E004E391C /* ContentView.swift in Sources */,
				F627604328FD563F004E391C /* Color+.swift in Sources */,
				F6DBDF762B9C58FC00A5BACA /* RegexHelper.swift in Sources */,
				F6EAD223295AE35600D3C843 /* UIViewController+.swift in Sources */,
				F627603428FD561E004E391C /* iOSCodeRepoApp.swift in Sources */,
				F6093B122C8013F900992D0A /* Misc+.swift in Sources */,
				F6B16ED42B0B99DF009008F5 /* UIView+.swift in Sources */,
				F6DBDF742B9C563900A5BACA /* Functions.swift in Sources */,
			);
			runOnlyForDeploymentPostprocessing = 0;
		};
/* End PBXSourcesBuildPhase section */

/* Begin XCBuildConfiguration section */
		F627603C28FD561E004E391C /* Debug */ = {
			isa = XCBuildConfiguration;
			buildSettings = {
				ALWAYS_SEARCH_USER_PATHS = NO;
				CLANG_ANALYZER_NONNULL = YES;
				CLANG_ANALYZER_NUMBER_OBJECT_CONVERSION = YES_AGGRESSIVE;
				CLANG_CXX_LANGUAGE_STANDARD = "gnu++20";
				CLANG_ENABLE_MODULES = YES;
				CLANG_ENABLE_OBJC_ARC = YES;
				CLANG_ENABLE_OBJC_WEAK = YES;
				CLANG_WARN_BLOCK_CAPTURE_AUTORELEASING = YES;
				CLANG_WARN_BOOL_CONVERSION = YES;
				CLANG_WARN_COMMA = YES;
				CLANG_WARN_CONSTANT_CONVERSION = YES;
				CLANG_WARN_DEPRECATED_OBJC_IMPLEMENTATIONS = YES;
				CLANG_WARN_DIRECT_OBJC_ISA_USAGE = YES_ERROR;
				CLANG_WARN_DOCUMENTATION_COMMENTS = YES;
				CLANG_WARN_EMPTY_BODY = YES;
				CLANG_WARN_ENUM_CONVERSION = YES;
				CLANG_WARN_INFINITE_RECURSION = YES;
				CLANG_WARN_INT_CONVERSION = YES;
				CLANG_WARN_NON_LITERAL_NULL_CONVERSION = YES;
				CLANG_WARN_OBJC_IMPLICIT_RETAIN_SELF = YES;
				CLANG_WARN_OBJC_LITERAL_CONVERSION = YES;
				CLANG_WARN_OBJC_ROOT_CLASS = YES_ERROR;
				CLANG_WARN_QUOTED_INCLUDE_IN_FRAMEWORK_HEADER = YES;
				CLANG_WARN_RANGE_LOOP_ANALYSIS = YES;
				CLANG_WARN_STRICT_PROTOTYPES = YES;
				CLANG_WARN_SUSPICIOUS_MOVE = YES;
				CLANG_WARN_UNGUARDED_AVAILABILITY = YES_AGGRESSIVE;
				CLANG_WARN_UNREACHABLE_CODE = YES;
				CLANG_WARN__DUPLICATE_METHOD_MATCH = YES;
				COPY_PHASE_STRIP = NO;
				DEBUG_INFORMATION_FORMAT = dwarf;
				ENABLE_STRICT_OBJC_MSGSEND = YES;
				ENABLE_TESTABILITY = YES;
				ENABLE_USER_SCRIPT_SANDBOXING = YES;
				GCC_C_LANGUAGE_STANDARD = gnu11;
				GCC_DYNAMIC_NO_PIC = NO;
				GCC_NO_COMMON_BLOCKS = YES;
				GCC_OPTIMIZATION_LEVEL = 0;
				GCC_PREPROCESSOR_DEFINITIONS = (
					"DEBUG=1",
					"$(inherited)",
				);
				GCC_WARN_64_TO_32_BIT_CONVERSION = YES;
				GCC_WARN_ABOUT_RETURN_TYPE = YES_ERROR;
				GCC_WARN_UNDECLARED_SELECTOR = YES;
				GCC_WARN_UNINITIALIZED_AUTOS = YES_AGGRESSIVE;
				GCC_WARN_UNUSED_FUNCTION = YES;
				GCC_WARN_UNUSED_VARIABLE = YES;
				IPHONEOS_DEPLOYMENT_TARGET = 16.0;
				MTL_ENABLE_DEBUG_INFO = INCLUDE_SOURCE;
				MTL_FAST_MATH = YES;
				ONLY_ACTIVE_ARCH = YES;
				SDKROOT = iphoneos;
				SWIFT_ACTIVE_COMPILATION_CONDITIONS = DEBUG;
				SWIFT_OPTIMIZATION_LEVEL = "-Onone";
			};
			name = Debug;
		};
		F627603D28FD561E004E391C /* Release */ = {
			isa = XCBuildConfiguration;
			buildSettings = {
				ALWAYS_SEARCH_USER_PATHS = NO;
				CLANG_ANALYZER_NONNULL = YES;
				CLANG_ANALYZER_NUMBER_OBJECT_CONVERSION = YES_AGGRESSIVE;
				CLANG_CXX_LANGUAGE_STANDARD = "gnu++20";
				CLANG_ENABLE_MODULES = YES;
				CLANG_ENABLE_OBJC_ARC = YES;
				CLANG_ENABLE_OBJC_WEAK = YES;
				CLANG_WARN_BLOCK_CAPTURE_AUTORELEASING = YES;
				CLANG_WARN_BOOL_CONVERSION = YES;
				CLANG_WARN_COMMA = YES;
				CLANG_WARN_CONSTANT_CONVERSION = YES;
				CLANG_WARN_DEPRECATED_OBJC_IMPLEMENTATIONS = YES;
				CLANG_WARN_DIRECT_OBJC_ISA_USAGE = YES_ERROR;
				CLANG_WARN_DOCUMENTATION_COMMENTS = YES;
				CLANG_WARN_EMPTY_BODY = YES;
				CLANG_WARN_ENUM_CONVERSION = YES;
				CLANG_WARN_INFINITE_RECURSION = YES;
				CLANG_WARN_INT_CONVERSION = YES;
				CLANG_WARN_NON_LITERAL_NULL_CONVERSION = YES;
				CLANG_WARN_OBJC_IMPLICIT_RETAIN_SELF = YES;
				CLANG_WARN_OBJC_LITERAL_CONVERSION = YES;
				CLANG_WARN_OBJC_ROOT_CLASS = YES_ERROR;
				CLANG_WARN_QUOTED_INCLUDE_IN_FRAMEWORK_HEADER = YES;
				CLANG_WARN_RANGE_LOOP_ANALYSIS = YES;
				CLANG_WARN_STRICT_PROTOTYPES = YES;
				CLANG_WARN_SUSPICIOUS_MOVE = YES;
				CLANG_WARN_UNGUARDED_AVAILABILITY = YES_AGGRESSIVE;
				CLANG_WARN_UNREACHABLE_CODE = YES;
				CLANG_WARN__DUPLICATE_METHOD_MATCH = YES;
				COPY_PHASE_STRIP = NO;
				DEBUG_INFORMATION_FORMAT = "dwarf-with-dsym";
				ENABLE_NS_ASSERTIONS = NO;
				ENABLE_STRICT_OBJC_MSGSEND = YES;
				ENABLE_USER_SCRIPT_SANDBOXING = YES;
				GCC_C_LANGUAGE_STANDARD = gnu11;
				GCC_NO_COMMON_BLOCKS = YES;
				GCC_WARN_64_TO_32_BIT_CONVERSION = YES;
				GCC_WARN_ABOUT_RETURN_TYPE = YES_ERROR;
				GCC_WARN_UNDECLARED_SELECTOR = YES;
				GCC_WARN_UNINITIALIZED_AUTOS = YES_AGGRESSIVE;
				GCC_WARN_UNUSED_FUNCTION = YES;
				GCC_WARN_UNUSED_VARIABLE = YES;
				IPHONEOS_DEPLOYMENT_TARGET = 16.0;
				MTL_ENABLE_DEBUG_INFO = NO;
				MTL_FAST_MATH = YES;
				SDKROOT = iphoneos;
				SWIFT_COMPILATION_MODE = wholemodule;
				SWIFT_OPTIMIZATION_LEVEL = "-O";
				VALIDATE_PRODUCT = YES;
			};
			name = Release;
		};
		F627603F28FD561E004E391C /* Debug */ = {
			isa = XCBuildConfiguration;
			buildSettings = {
				ASSETCATALOG_COMPILER_APPICON_NAME = AppIcon;
				ASSETCATALOG_COMPILER_GLOBAL_ACCENT_COLOR_NAME = AccentColor;
				CODE_SIGN_STYLE = Automatic;
				CURRENT_PROJECT_VERSION = 1;
				DEVELOPMENT_ASSET_PATHS = "\"iOSCodeRepo/Preview Content\"";
				ENABLE_PREVIEWS = YES;
				GENERATE_INFOPLIST_FILE = YES;
				INFOPLIST_KEY_UIApplicationSceneManifest_Generation = YES;
				INFOPLIST_KEY_UIApplicationSupportsIndirectInputEvents = YES;
				INFOPLIST_KEY_UILaunchScreen_Generation = YES;
				INFOPLIST_KEY_UISupportedInterfaceOrientations_iPad = "UIInterfaceOrientationPortrait UIInterfaceOrientationPortraitUpsideDown UIInterfaceOrientationLandscapeLeft UIInterfaceOrientationLandscapeRight";
				INFOPLIST_KEY_UISupportedInterfaceOrientations_iPhone = "UIInterfaceOrientationPortrait UIInterfaceOrientationLandscapeLeft UIInterfaceOrientationLandscapeRight";
				LD_RUNPATH_SEARCH_PATHS = (
					"$(inherited)",
					"@executable_path/Frameworks",
				);
				MARKETING_VERSION = 1.0;
				PRODUCT_BUNDLE_IDENTIFIER = com.yanun.iOSCodeRepo;
				PRODUCT_NAME = "$(TARGET_NAME)";
				SWIFT_EMIT_LOC_STRINGS = YES;
				SWIFT_VERSION = 5.0;
				TARGETED_DEVICE_FAMILY = "1,2";
			};
			name = Debug;
		};
		F627604028FD561E004E391C /* Release */ = {
			isa = XCBuildConfiguration;
			buildSettings = {
				ASSETCATALOG_COMPILER_APPICON_NAME = AppIcon;
				ASSETCATALOG_COMPILER_GLOBAL_ACCENT_COLOR_NAME = AccentColor;
				CODE_SIGN_STYLE = Automatic;
				CURRENT_PROJECT_VERSION = 1;
				DEVELOPMENT_ASSET_PATHS = "\"iOSCodeRepo/Preview Content\"";
				ENABLE_PREVIEWS = YES;
				GENERATE_INFOPLIST_FILE = YES;
				INFOPLIST_KEY_UIApplicationSceneManifest_Generation = YES;
				INFOPLIST_KEY_UIApplicationSupportsIndirectInputEvents = YES;
				INFOPLIST_KEY_UILaunchScreen_Generation = YES;
				INFOPLIST_KEY_UISupportedInterfaceOrientations_iPad = "UIInterfaceOrientationPortrait UIInterfaceOrientationPortraitUpsideDown UIInterfaceOrientationLandscapeLeft UIInterfaceOrientationLandscapeRight";
				INFOPLIST_KEY_UISupportedInterfaceOrientations_iPhone = "UIInterfaceOrientationPortrait UIInterfaceOrientationLandscapeLeft UIInterfaceOrientationLandscapeRight";
				LD_RUNPATH_SEARCH_PATHS = (
					"$(inherited)",
					"@executable_path/Frameworks",
				);
				MARKETING_VERSION = 1.0;
				PRODUCT_BUNDLE_IDENTIFIER = com.yanun.iOSCodeRepo;
				PRODUCT_NAME = "$(TARGET_NAME)";
				SWIFT_EMIT_LOC_STRINGS = YES;
				SWIFT_VERSION = 5.0;
				TARGETED_DEVICE_FAMILY = "1,2";
			};
			name = Release;
		};
/* End XCBuildConfiguration section */

/* Begin XCConfigurationList section */
		F627602B28FD561E004E391C /* Build configuration list for PBXProject "iOSCodeRepo" */ = {
			isa = XCConfigurationList;
			buildConfigurations = (
				F627603C28FD561E004E391C /* Debug */,
				F627603D28FD561E004E391C /* Release */,
			);
			defaultConfigurationIsVisible = 0;
			defaultConfigurationName = Release;
		};
		F627603E28FD561E004E391C /* Build configuration list for PBXNativeTarget "iOSCodeRepo" */ = {
			isa = XCConfigurationList;
			buildConfigurations = (
				F627603F28FD561E004E391C /* Debug */,
				F627604028FD561E004E391C /* Release */,
			);
			defaultConfigurationIsVisible = 0;
			defaultConfigurationName = Release;
		};
/* End XCConfigurationList section */
	};
	rootObject = F627602828FD561E004E391C /* Project object */;
}
